
Microsoft Visual Studio Solution File, Format Version 12.00
# Visual Studio Version 17
VisualStudioVersion = 17.8.34322.80
MinimumVisualStudioVersion = 10.0.40219.1
Project("{FAE04EC0-301F-11D3-BF4B-00C04F79EFBC}") = "WinFormsApp7", "WinFormsApp7\WinFormsApp7.csproj", "{7AA5808A-4BF0-438C-8B7F-50CDC4BF8FB9}"
EndProject
Global
	GlobalSection(SolutionConfigurationPlatforms) = preSolution
		Debug|Any CPU = Debug|Any CPU
		Release|Any CPU = Release|Any CPU
	EndGlobalSection
	GlobalSection(ProjectConfigurationPlatforms) = postSolution
		{7AA5808A-4BF0-438C-8B7F-50CDC4BF8FB9}.Debug|Any CPU.ActiveCfg = Debug|Any CPU
		{7AA5808A-4BF0-438C-8B7F-50CDC4BF8FB9}.Debug|Any CPU.Build.0 = Debug|Any CPU
		{7AA5808A-4BF0-438C-8B7F-50CDC4BF8FB9}.Release|Any CPU.ActiveCfg = Release|Any CPU
		{7AA5808A-4BF0-438C-8B7F-50CDC4BF8FB9}.Release|Any CPU.Build.0 = Release|Any CPU
	EndGlobalSection
	GlobalSection(SolutionProperties) = preSolution
		HideSolutionNode = FALSE
	EndGlobalSection
	GlobalSection(ExtensibilityGlobals) = postSolution
		SolutionGuid = {182C3B48-C457-42A1-A610-2FFA79803352}
	EndGlobalSection
EndGlobal
